
Microsoft Visual Studio Solution File, Format Version 12.00
# Visual Studio Version 16
VisualStudioVersion = 16.0.31005.135
MinimumVisualStudioVersion = 10.0.40219.1
Project("{FAE04EC0-301F-11D3-BF4B-00C04F79EFBC}") = "Xaero", "Xaero\Xaero.csproj", "{1E4DE28D-F74A-41FB-A009-1FA64795D801}"
EndProject
Project("{FAE04EC0-301F-11D3-BF4B-00C04F79EFBC}") = "Xaero.DataLayer", "Xaero.DataLayer\Xaero.DataLayer.csproj", "{ABA9F1B8-A0B4-4A98-AA0D-ED195AFAA6BE}"
EndProject
Global
	GlobalSection(SolutionConfigurationPlatforms) = preSolution
		Debug|Any CPU = Debug|Any CPU
		Release|Any CPU = Release|Any CPU
	EndGlobalSection
	GlobalSection(ProjectConfigurationPlatforms) = postSolution
		{1E4DE28D-F74A-41FB-A009-1FA64795D801}.Debug|Any CPU.ActiveCfg = Debug|Any CPU
		{1E4DE28D-F74A-41FB-A009-1FA64795D801}.Debug|Any CPU.Build.0 = Debug|Any CPU
		{1E4DE28D-F74A-41FB-A009-1FA64795D801}.Release|Any CPU.ActiveCfg = Release|Any CPU
		{1E4DE28D-F74A-41FB-A009-1FA64795D801}.Release|Any CPU.Build.0 = Release|Any CPU
		{ABA9F1B8-A0B4-4A98-AA0D-ED195AFAA6BE}.Debug|Any CPU.ActiveCfg = Debug|Any CPU
		{ABA9F1B8-A0B4-4A98-AA0D-ED195AFAA6BE}.Debug|Any CPU.Build.0 = Debug|Any CPU
		{ABA9F1B8-A0B4-4A98-AA0D-ED195AFAA6BE}.Release|Any CPU.ActiveCfg = Release|Any CPU
		{ABA9F1B8-A0B4-4A98-AA0D-ED195AFAA6BE}.Release|Any CPU.Build.0 = Release|Any CPU
	EndGlobalSection
	GlobalSection(SolutionProperties) = preSolution
		HideSolutionNode = FALSE
	EndGlobalSection
	GlobalSection(ExtensibilityGlobals) = postSolution
		SolutionGuid = {5FE00406-1279-4996-92C9-9F3E5F0EF3F7}
	EndGlobalSection
EndGlobal
